
Microsoft Visual Studio Solution File, Format Version 12.00
# Visual Studio Version 16
VisualStudioVersion = 16.0.31129.286
MinimumVisualStudioVersion = 10.0.40219.1
Project("{FAE04EC0-301F-11D3-BF4B-00C04F79EFBC}") = "StringsManipulations", "StringsManipulations\StringsManipulations.csproj", "{965820E6-2C75-4953-830C-6750B16FACF0}"
EndProject
Global
	GlobalSection(SolutionConfigurationPlatforms) = preSolution
		Debug|Any CPU = Debug|Any CPU
		Release|Any CPU = Release|Any CPU
	EndGlobalSection
	GlobalSection(ProjectConfigurationPlatforms) = postSolution
		{965820E6-2C75-4953-830C-6750B16FACF0}.Debug|Any CPU.ActiveCfg = Debug|Any CPU
		{965820E6-2C75-4953-830C-6750B16FACF0}.Debug|Any CPU.Build.0 = Debug|Any CPU
		{965820E6-2C75-4953-830C-6750B16FACF0}.Release|Any CPU.ActiveCfg = Release|Any CPU
		{965820E6-2C75-4953-830C-6750B16FACF0}.Release|Any CPU.Build.0 = Release|Any CPU
	EndGlobalSection
	GlobalSection(SolutionProperties) = preSolution
		HideSolutionNode = FALSE
	EndGlobalSection
	GlobalSection(ExtensibilityGlobals) = postSolution
		SolutionGuid = {801B8752-69AF-4094-894F-44A4CAB93AA6}
	EndGlobalSection
EndGlobal
