
Microsoft Visual Studio Solution File, Format Version 12.00
# Visual Studio Version 16
VisualStudioVersion = 16.0.31129.286
MinimumVisualStudioVersion = 10.0.40219.1
Project("{FAE04EC0-301F-11D3-BF4B-00C04F79EFBC}") = "LoopDoWhile", "LoopDoWhile\LoopDoWhile.csproj", "{69A57BCE-5FDB-4B19-A1B5-41998D828F1B}"
EndProject
Global
	GlobalSection(SolutionConfigurationPlatforms) = preSolution
		Debug|Any CPU = Debug|Any CPU
		Release|Any CPU = Release|Any CPU
	EndGlobalSection
	GlobalSection(ProjectConfigurationPlatforms) = postSolution
		{69A57BCE-5FDB-4B19-A1B5-41998D828F1B}.Debug|Any CPU.ActiveCfg = Debug|Any CPU
		{69A57BCE-5FDB-4B19-A1B5-41998D828F1B}.Debug|Any CPU.Build.0 = Debug|Any CPU
		{69A57BCE-5FDB-4B19-A1B5-41998D828F1B}.Release|Any CPU.ActiveCfg = Release|Any CPU
		{69A57BCE-5FDB-4B19-A1B5-41998D828F1B}.Release|Any CPU.Build.0 = Release|Any CPU
	EndGlobalSection
	GlobalSection(SolutionProperties) = preSolution
		HideSolutionNode = FALSE
	EndGlobalSection
	GlobalSection(ExtensibilityGlobals) = postSolution
		SolutionGuid = {083F9B26-3364-4D85-A81C-819F4321AE42}
	EndGlobalSection
EndGlobal
